
Microsoft Visual Studio Solution File, Format Version 12.00
# Visual Studio 15
VisualStudioVersion = 15.0.28307.489
MinimumVisualStudioVersion = 10.0.40219.1
Project("{FAE04EC0-301F-11D3-BF4B-00C04F79EFBC}") = "QueueQithStacks", "QueueQithStacks\QueueQithStacks.csproj", "{4A6F059D-0F54-4D1D-81F5-31912CDA6560}"
EndProject
Global
	GlobalSection(SolutionConfigurationPlatforms) = preSolution
		Debug|Any CPU = Debug|Any CPU
		Release|Any CPU = Release|Any CPU
	EndGlobalSection
	GlobalSection(ProjectConfigurationPlatforms) = postSolution
		{4A6F059D-0F54-4D1D-81F5-31912CDA6560}.Debug|Any CPU.ActiveCfg = Debug|Any CPU
		{4A6F059D-0F54-4D1D-81F5-31912CDA6560}.Debug|Any CPU.Build.0 = Debug|Any CPU
		{4A6F059D-0F54-4D1D-81F5-31912CDA6560}.Release|Any CPU.ActiveCfg = Release|Any CPU
		{4A6F059D-0F54-4D1D-81F5-31912CDA6560}.Release|Any CPU.Build.0 = Release|Any CPU
	EndGlobalSection
	GlobalSection(SolutionProperties) = preSolution
		HideSolutionNode = FALSE
	EndGlobalSection
	GlobalSection(ExtensibilityGlobals) = postSolution
		SolutionGuid = {67D3734B-7C0B-4779-BA27-F8DB83DF5006}
	EndGlobalSection
EndGlobal
