
Microsoft Visual Studio Solution File, Format Version 12.00
# Visual Studio 15
VisualStudioVersion = 15.0.28307.489
MinimumVisualStudioVersion = 10.0.40219.1
Project("{FAE04EC0-301F-11D3-BF4B-00C04F79EFBC}") = "fifo_animal_shelter", "fifo_animal_shelter\fifo_animal_shelter.csproj", "{DB5A9B08-8BAF-4873-A75A-CC1BB94BB46A}"
EndProject
Global
	GlobalSection(SolutionConfigurationPlatforms) = preSolution
		Debug|Any CPU = Debug|Any CPU
		Release|Any CPU = Release|Any CPU
	EndGlobalSection
	GlobalSection(ProjectConfigurationPlatforms) = postSolution
		{DB5A9B08-8BAF-4873-A75A-CC1BB94BB46A}.Debug|Any CPU.ActiveCfg = Debug|Any CPU
		{DB5A9B08-8BAF-4873-A75A-CC1BB94BB46A}.Debug|Any CPU.Build.0 = Debug|Any CPU
		{DB5A9B08-8BAF-4873-A75A-CC1BB94BB46A}.Release|Any CPU.ActiveCfg = Release|Any CPU
		{DB5A9B08-8BAF-4873-A75A-CC1BB94BB46A}.Release|Any CPU.Build.0 = Release|Any CPU
	EndGlobalSection
	GlobalSection(SolutionProperties) = preSolution
		HideSolutionNode = FALSE
	EndGlobalSection
	GlobalSection(ExtensibilityGlobals) = postSolution
		SolutionGuid = {B05FEE48-FB75-4341-9EAD-BA338E290076}
	EndGlobalSection
EndGlobal
