
Microsoft Visual Studio Solution File, Format Version 12.00
# Visual Studio 15
VisualStudioVersion = 15.0.28307.489
MinimumVisualStudioVersion = 10.0.40219.1
Project("{FAE04EC0-301F-11D3-BF4B-00C04F79EFBC}") = "Graph", "Graph\Graph.csproj", "{A1677FB7-3441-4CDD-A528-DAA2027AB8B0}"
EndProject
Project("{FAE04EC0-301F-11D3-BF4B-00C04F79EFBC}") = "XUnitTestProject1", "XUnitTestProject1\XUnitTestProject1.csproj", "{4F7CE7F7-F575-4271-8734-5DFBA522A3CB}"
EndProject
Global
	GlobalSection(SolutionConfigurationPlatforms) = preSolution
		Debug|Any CPU = Debug|Any CPU
		Release|Any CPU = Release|Any CPU
	EndGlobalSection
	GlobalSection(ProjectConfigurationPlatforms) = postSolution
		{A1677FB7-3441-4CDD-A528-DAA2027AB8B0}.Debug|Any CPU.ActiveCfg = Debug|Any CPU
		{A1677FB7-3441-4CDD-A528-DAA2027AB8B0}.Debug|Any CPU.Build.0 = Debug|Any CPU
		{A1677FB7-3441-4CDD-A528-DAA2027AB8B0}.Release|Any CPU.ActiveCfg = Release|Any CPU
		{A1677FB7-3441-4CDD-A528-DAA2027AB8B0}.Release|Any CPU.Build.0 = Release|Any CPU
		{4F7CE7F7-F575-4271-8734-5DFBA522A3CB}.Debug|Any CPU.ActiveCfg = Debug|Any CPU
		{4F7CE7F7-F575-4271-8734-5DFBA522A3CB}.Debug|Any CPU.Build.0 = Debug|Any CPU
		{4F7CE7F7-F575-4271-8734-5DFBA522A3CB}.Release|Any CPU.ActiveCfg = Release|Any CPU
		{4F7CE7F7-F575-4271-8734-5DFBA522A3CB}.Release|Any CPU.Build.0 = Release|Any CPU
	EndGlobalSection
	GlobalSection(SolutionProperties) = preSolution
		HideSolutionNode = FALSE
	EndGlobalSection
	GlobalSection(ExtensibilityGlobals) = postSolution
		SolutionGuid = {0B1E40C9-2F1D-4F22-9F66-7E3C6D857A9B}
	EndGlobalSection
EndGlobal
