
Microsoft Visual Studio Solution File, Format Version 12.00
# Visual Studio 15
VisualStudioVersion = 15.0.28307.489
MinimumVisualStudioVersion = 10.0.40219.1
Project("{FAE04EC0-301F-11D3-BF4B-00C04F79EFBC}") = "balanced brackets", "balanced brackets\balanced brackets.csproj", "{BD8E679C-0334-4E6E-9080-7B145B23D8E0}"
EndProject
Global
	GlobalSection(SolutionConfigurationPlatforms) = preSolution
		Debug|Any CPU = Debug|Any CPU
		Release|Any CPU = Release|Any CPU
	EndGlobalSection
	GlobalSection(ProjectConfigurationPlatforms) = postSolution
		{BD8E679C-0334-4E6E-9080-7B145B23D8E0}.Debug|Any CPU.ActiveCfg = Debug|Any CPU
		{BD8E679C-0334-4E6E-9080-7B145B23D8E0}.Debug|Any CPU.Build.0 = Debug|Any CPU
		{BD8E679C-0334-4E6E-9080-7B145B23D8E0}.Release|Any CPU.ActiveCfg = Release|Any CPU
		{BD8E679C-0334-4E6E-9080-7B145B23D8E0}.Release|Any CPU.Build.0 = Release|Any CPU
	EndGlobalSection
	GlobalSection(SolutionProperties) = preSolution
		HideSolutionNode = FALSE
	EndGlobalSection
	GlobalSection(ExtensibilityGlobals) = postSolution
		SolutionGuid = {7B857554-C238-441A-BE1A-F7E7BD715AFD}
	EndGlobalSection
EndGlobal
